
Microsoft Visual Studio Solution File, Format Version 12.00
# Visual Studio 2012
Project("{FAE04EC0-301F-11D3-BF4B-00C04F79EFBC}") = "amplex", "amplex\amplex.csproj", "{31E5F0D1-1C4B-4312-959E-EC6AB1BF80EF}"
EndProject
Project("{FAE04EC0-301F-11D3-BF4B-00C04F79EFBC}") = "scms", "..\projectz\scms\scms.csproj", "{6230778B-C72D-4241-BCEC-0E09ED6C4C94}"
EndProject
Global
	GlobalSection(SourceCodeControl) = preSolution
		SccNumberOfProjects = 3
		SccLocalPath0 = .
		CanCheckoutShared = true
		SccProjectUniqueName1 = amplex\\amplex.csproj
		SccProjectName1 = \u0022$/projects/amplex/amplex\u0022,\u0020DYUAAAAA
		SccLocalPath1 = amplex
		SccProjectUniqueName2 = ..\\projectz\\scms\\scms.csproj
		SccProjectName2 = \u0022$/projectz/scms\u0022,\u0020HKKAAAAA
		SccLocalPath2 = ..\\projectz\\scms
	EndGlobalSection
	GlobalSection(SolutionConfigurationPlatforms) = preSolution
		Debug|Any CPU = Debug|Any CPU
		Release|Any CPU = Release|Any CPU
	EndGlobalSection
	GlobalSection(ProjectConfigurationPlatforms) = postSolution
		{31E5F0D1-1C4B-4312-959E-EC6AB1BF80EF}.Debug|Any CPU.ActiveCfg = Debug|Any CPU
		{31E5F0D1-1C4B-4312-959E-EC6AB1BF80EF}.Debug|Any CPU.Build.0 = Debug|Any CPU
		{31E5F0D1-1C4B-4312-959E-EC6AB1BF80EF}.Release|Any CPU.ActiveCfg = Release|Any CPU
		{31E5F0D1-1C4B-4312-959E-EC6AB1BF80EF}.Release|Any CPU.Build.0 = Release|Any CPU
		{6230778B-C72D-4241-BCEC-0E09ED6C4C94}.Debug|Any CPU.ActiveCfg = Debug|Any CPU
		{6230778B-C72D-4241-BCEC-0E09ED6C4C94}.Debug|Any CPU.Build.0 = Debug|Any CPU
		{6230778B-C72D-4241-BCEC-0E09ED6C4C94}.Release|Any CPU.ActiveCfg = Release|Any CPU
		{6230778B-C72D-4241-BCEC-0E09ED6C4C94}.Release|Any CPU.Build.0 = Release|Any CPU
	EndGlobalSection
	GlobalSection(SolutionProperties) = preSolution
		HideSolutionNode = FALSE
	EndGlobalSection
EndGlobal
